<?xml version="1.0" encoding="utf-8"?>
<Project ToolsVersion="4.0" xmlns="http://schemas.microsoft.com/developer/msbuild/2003">
  <ItemGroup>
    <Filter Include="Source Files">
      <UniqueIdentifier>{4FC737F1-C7A5-4376-A066-2A32D752A2FF}</UniqueIdentifier>
      <Extensions>cpp;c;cc;cxx;c++;cppm;ixx;def;odl;idl;hpj;bat;asm;asmx</Extensions>
    </Filter>
    <Filter Include="Header Files">
      <UniqueIdentifier>{93995380-89BD-4b04-88EB-625FBE52EBFB}</UniqueIdentifier>
      <Extensions>h;hh;hpp;hxx;h++;hm;inl;inc;ipp;xsd</Extensions>
    </Filter>
    <Filter Include="Resource Files">
      <UniqueIdentifier>{67DA6AB6-F800-4c08-8B7A-83BB121AAD01}</UniqueIdentifier>
      <Extensions>rc;ico;cur;bmp;dlg;rc2;rct;bin;rgs;gif;jpg;jpeg;jpe;resx;tiff;tif;png;wav;mfcribbon-ms</Extensions>
    </Filter>
    <Filter Include="Header Files\Maths">
      <UniqueIdentifier>{6dc28621-0ab9-40bf-8783-88b2ccc062f8}</UniqueIdentifier>
    </Filter>
    <Filter Include="Header Files\Maths\Functions">
      <UniqueIdentifier>{1a3f6d81-62f8-49ca-a628-c30f4f69e2d4}</UniqueIdentifier>
    </Filter>
    <Filter Include="Header Files\Collision">
      <UniqueIdentifier>{2bd0b090-8a94-4533-9317-29a68a1367b7}</UniqueIdentifier>
    </Filter>
    <Filter Include="Header Files\Physics">
      <UniqueIdentifier>{235ffce5-bf3e-405c-883a-816c198dd362}</UniqueIdentifier>
    </Filter>
    <Filter Include="Header Files\Structures">
      <UniqueIdentifier>{c976dab4-858b-4fe4-b828-34ccccbc5953}</UniqueIdentifier>
    </Filter>
    <Filter Include="Source Files\Maths">
      <UniqueIdentifier>{91450b16-d031-45a7-958c-a20e501c0e0d}</UniqueIdentifier>
    </Filter>
    <Filter Include="Header Files\Collision\Kinetic">
      <UniqueIdentifier>{2cf28e5f-7a49-45df-bc8a-5f363b0f5345}</UniqueIdentifier>
    </Filter>
  </ItemGroup>
  <ItemGroup>
    <ClInclude Include="framework.h">
      <Filter>Header Files</Filter>
    </ClInclude>
    <ClInclude Include="pch.h">
      <Filter>Header Files</Filter>
    </ClInclude>
    <ClInclude Include="Vector.h">
      <Filter>Header Files\Maths</Filter>
    </ClInclude>
    <ClInclude Include="Matrix.h">
      <Filter>Header Files\Maths</Filter>
    </ClInclude>
    <ClInclude Include="LineM.h">
      <Filter>Header Files\Maths\Functions</Filter>
    </ClInclude>
    <ClInclude Include="Bounds.h">
      <Filter>Header Files\Collision</Filter>
    </ClInclude>
    <ClInclude Include="AABB.h">
      <Filter>Header Files\Collision</Filter>
    </ClInclude>
    <ClInclude Include="Box.h">
      <Filter>Header Files\Collision</Filter>
    </ClInclude>
    <ClInclude Include="Kinetic.h">
      <Filter>Header Files\Physics</Filter>
    </ClInclude>
    <ClInclude Include="Ray.h">
      <Filter>Header Files\Physics</Filter>
    </ClInclude>
    <ClInclude Include="Traceable.h">
      <Filter>Header Files\Physics</Filter>
    </ClInclude>
    <ClInclude Include="Circle.h">
      <Filter>Header Files\Collision</Filter>
    </ClInclude>
    <ClInclude Include="Solve.h">
      <Filter>Header Files\Maths\Functions</Filter>
    </ClInclude>
    <ClInclude Include="Shape.h">
      <Filter>Header Files\Structures</Filter>
    </ClInclude>
    <ClInclude Include="Mesh.h">
      <Filter>Header Files\Structures</Filter>
    </ClInclude>
    <ClInclude Include="CollisionSystem.h">
      <Filter>Header Files\Collision</Filter>
    </ClInclude>
    <ClInclude Include="Quaternion.h">
      <Filter>Header Files\Maths</Filter>
    </ClInclude>
    <ClInclude Include="Arithmetic.h">
      <Filter>Header Files\Maths</Filter>
    </ClInclude>
    <ClInclude Include="Ball.h">
      <Filter>Header Files\Collision\Kinetic</Filter>
    </ClInclude>
    <ClInclude Include="CPair.h">
      <Filter>Header Files\Collision</Filter>
    </ClInclude>
  </ItemGroup>
  <ItemGroup>
    <ClCompile Include="Deed.cpp">
      <Filter>Source Files</Filter>
    </ClCompile>
    <ClCompile Include="pch.cpp">
      <Filter>Source Files</Filter>
    </ClCompile>
    <ClCompile Include="Arithmetic.cpp">
      <Filter>Source Files\Maths</Filter>
    </ClCompile>
  </ItemGroup>
</Project>